// !$*UTF8*$!
{
	archiveVersion = 1;
	classes = {
	};
	objectVersion = 48;
	objects = {

/* Begin PBXBuildFile section */
		826F61D4203C52AB008FF97A /* AppDelegate.swift in Sources */ = {isa = PBXBuildFile; fileRef = 826F61D3203C52AB008FF97A /* AppDelegate.swift */; };
		826F61D6203C52AB008FF97A /* ViewController.swift in Sources */ = {isa = PBXBuildFile; fileRef = 826F61D5203C52AB008FF97A /* ViewController.swift */; };
		826F61D9203C52AB008FF97A /* Main.storyboard in Resources */ = {isa = PBXBuildFile; fileRef = 826F61D7203C52AB008FF97A /* Main.storyboard */; };
		826F61DC203C52AB008FF97A /* CB.xcdatamodeld in Sources */ = {isa = PBXBuildFile; fileRef = 826F61DA203C52AB008FF97A /* CB.xcdatamodeld */; };
		826F61DE203C52AB008FF97A /* Assets.xcassets in Resources */ = {isa = PBXBuildFile; fileRef = 826F61DD203C52AB008FF97A /* Assets.xcassets */; };
		826F61E1203C52AB008FF97A /* LaunchScreen.storyboard in Resources */ = {isa = PBXBuildFile; fileRef = 826F61DF203C52AB008FF97A /* LaunchScreen.storyboard */; };
/* End PBXBuildFile section */

/* Begin PBXFileReference section */
		826F61D0203C52AB008FF97A /* CB.app */ = {isa = PBXFileReference; explicitFileType = wrapper.application; includeInIndex = 0; path = CB.app; sourceTree = BUILT_PRODUCTS_DIR; };
		826F61D3203C52AB008FF97A /* AppDelegate.swift */ = {isa = PBXFileReference; lastKnownFileType = sourcecode.swift; path = AppDelegate.swift; sourceTree = "<group>"; };
		826F61D5203C52AB008FF97A /* ViewController.swift */ = {isa = PBXFileReference; lastKnownFileType = sourcecode.swift; path = ViewController.swift; sourceTree = "<group>"; };
		826F61D8203C52AB008FF97A /* Base */ = {isa = PBXFileReference; lastKnownFileType = file.storyboard; name = Base; path = Base.lproj/Main.storyboard; sourceTree = "<group>"; };
		826F61DB203C52AB008FF97A /* CB.xcdatamodel */ = {isa = PBXFileReference; lastKnownFileType = wrapper.xcdatamodel; path = CB.xcdatamodel; sourceTree = "<group>"; };
		826F61DD203C52AB008FF97A /* Assets.xcassets */ = {isa = PBXFileReference; lastKnownFileType = folder.assetcatalog; path = Assets.xcassets; sourceTree = "<group>"; };
		826F61E0203C52AB008FF97A /* Base */ = {isa = PBXFileReference; lastKnownFileType = file.storyboard; name = Base; path = Base.lproj/LaunchScreen.storyboard; sourceTree = "<group>"; };
		826F61E2203C52AB008FF97A /* Info.plist */ = {isa = PBXFileReference; lastKnownFileType = text.plist.xml; path = Info.plist; sourceTree = "<group>"; };
/* End PBXFileReference section */

/* Begin PBXFrameworksBuildPhase section */
		826F61CD203C52AB008FF97A /* Frameworks */ = {
			isa = PBXFrameworksBuildPhase;
			buildActionMask = 2147483647;
			files = (
			);
			runOnlyForDeploymentPostprocessing = 0;
		};
/* End PBXFrameworksBuildPhase section */

/* Begin PBXGroup section */
		826F61C7203C52AB008FF97A = {
			isa = PBXGroup;
			children = (
				826F61D2203C52AB008FF97A /* CB */,
				826F61D1203C52AB008FF97A /* Products */,
			);
			sourceTree = "<group>";
		};
		826F61D1203C52AB008FF97A /* Products */ = {
			isa = PBXGroup;
			children = (
				826F61D0203C52AB008FF97A /* CB.app */,
			);
			name = Products;
			sourceTree = "<group>";
		};
		826F61D2203C52AB008FF97A /* CB */ = {
			isa = PBXGroup;
			children = (
				826F61D3203C52AB008FF97A /* AppDelegate.swift */,
				826F61D5203C52AB008FF97A /* ViewController.swift */,
				826F61D7203C52AB008FF97A /* Main.storyboard */,
				826F61DD203C52AB008FF97A /* Assets.xcassets */,
				826F61DF203C52AB008FF97A /* LaunchScreen.storyboard */,
				826F61E2203C52AB008FF97A /* Info.plist */,
				826F61DA203C52AB008FF97A /* CB.xcdatamodeld */,
			);
			path = CB;
			sourceTree = "<group>";
		};
/* End PBXGroup section */

/* Begin PBXNativeTarget section */
		826F61CF203C52AB008FF97A /* CB */ = {
			isa = PBXNativeTarget;
			buildConfigurationList = 826F61E5203C52AB008FF97A /* Build configuration list for PBXNativeTarget "CB" */;
			buildPhases = (
				826F61CC203C52AB008FF97A /* Sources */,
				826F61CD203C52AB008FF97A /* Frameworks */,
				826F61CE203C52AB008FF97A /* Resources */,
			);
			buildRules = (
			);
			dependencies = (
			);
			name = CB;
			productName = CB;
			productReference = 826F61D0203C52AB008FF97A /* CB.app */;
			productType = "com.apple.product-type.application";
		};
/* End PBXNativeTarget section */

/* Begin PBXProject section */
		826F61C8203C52AB008FF97A /* Project object */ = {
			isa = PBXProject;
			attributes = {
				LastSwiftUpdateCheck = 0920;
				LastUpgradeCheck = 0920;
				ORGANIZATIONNAME = MickeyZhou;
				TargetAttributes = {
					826F61CF203C52AB008FF97A = {
						CreatedOnToolsVersion = 9.2;
						ProvisioningStyle = Automatic;
					};
				};
			};
			buildConfigurationList = 826F61CB203C52AB008FF97A /* Build configuration list for PBXProject "CB" */;
			compatibilityVersion = "Xcode 8.0";
			developmentRegion = en;
			hasScannedForEncodings = 0;
			knownRegions = (
				en,
				Base,
			);
			mainGroup = 826F61C7203C52AB008FF97A;
			productRefGroup = 826F61D1203C52AB008FF97A /* Products */;
			projectDirPath = "";
			projectRoot = "";
			targets = (
				826F61CF203C52AB008FF97A /* CB */,
			);
		};
/* End PBXProject section */

/* Begin PBXResourcesBuildPhase section */
		826F61CE203C52AB008FF97A /* Resources */ = {
			isa = PBXResourcesBuildPhase;
			buildActionMask = 2147483647;
			files = (
				826F61E1203C52AB008FF97A /* LaunchScreen.storyboard in Resources */,
				826F61DE203C52AB008FF97A /* Assets.xcassets in Resources */,
				826F61D9203C52AB008FF97A /* Main.storyboard in Resources */,
			);
			runOnlyForDeploymentPostprocessing = 0;
		};
/* End PBXResourcesBuildPhase section */

/* Begin PBXSourcesBuildPhase section */
		826F61CC203C52AB008FF97A /* Sources */ = {
			isa = PBXSourcesBuildPhase;
			buildActionMask = 2147483647;
			files = (
				826F61D6203C52AB008FF97A /* ViewController.swift in Sources */,
				826F61D4203C52AB008FF97A /* AppDelegate.swift in Sources */,
				826F61DC203C52AB008FF97A /* CB.xcdatamodeld in Sources */,
			);
			runOnlyForDeploymentPostprocessing = 0;
		};
/* End PBXSourcesBuildPhase section */

/* Begin PBXVariantGroup section */
		826F61D7203C52AB008FF97A /* Main.storyboard */ = {
			isa = PBXVariantGroup;
			children = (
				826F61D8203C52AB008FF97A /* Base */,
			);
			name = Main.storyboard;
			sourceTree = "<group>";
		};
		826F61DF203C52AB008FF97A /* LaunchScreen.storyboard */ = {
			isa = PBXVariantGroup;
			children = (
				826F61E0203C52AB008FF97A /* Base */,
			);
			name = LaunchScreen.storyboard;
			sourceTree = "<group>";
		};
/* End PBXVariantGroup section */

/* Begin XCBuildConfiguration section */
		826F61E3203C52AB008FF97A /* Debug */ = {
			isa = XCBuildConfiguration;
			buildSettings = {
				ALWAYS_SEARCH_USER_PATHS = NO;
				CLANG_ANALYZER_NONNULL = YES;
				CLANG_ANALYZER_NUMBER_OBJECT_CONVERSION = YES_AGGRESSIVE;
				CLANG_CXX_LANGUAGE_STANDARD = "gnu++14";
				CLANG_CXX_LIBRARY = "libc++";
				CLANG_ENABLE_MODULES = YES;
				CLANG_ENABLE_OBJC_ARC = YES;
				CLANG_WARN_BLOCK_CAPTURE_AUTORELEASING = YES;
				CLANG_WARN_BOOL_CONVERSION = YES;
				CLANG_WARN_COMMA = YES;
				CLANG_WARN_CONSTANT_CONVERSION = YES;
				CLANG_WARN_DIRECT_OBJC_ISA_USAGE = YES_ERROR;
				CLANG_WARN_DOCUMENTATION_COMMENTS = YES;
				CLANG_WARN_EMPTY_BODY = YES;
				CLANG_WARN_ENUM_CONVERSION = YES;
				CLANG_WARN_INFINITE_RECURSION = YES;
				CLANG_WARN_INT_CONVERSION = YES;
				CLANG_WARN_NON_LITERAL_NULL_CONVERSION = YES;
				CLANG_WARN_OBJC_LITERAL_CONVERSION = YES;
				CLANG_WARN_OBJC_ROOT_CLASS = YES_ERROR;
				CLANG_WARN_RANGE_LOOP_ANALYSIS = YES;
				CLANG_WARN_STRICT_PROTOTYPES = YES;
				CLANG_WARN_SUSPICIOUS_MOVE = YES;
				CLANG_WARN_UNGUARDED_AVAILABILITY = YES_AGGRESSIVE;
				CLANG_WARN_UNREACHABLE_CODE = YES;
				CLANG_WARN__DUPLICATE_METHOD_MATCH = YES;
				CODE_SIGN_IDENTITY = "iPhone Developer";
				COPY_PHASE_STRIP = NO;
				DEBUG_INFORMATION_FORMAT = dwarf;
				ENABLE_STRICT_OBJC_MSGSEND = YES;
				ENABLE_TESTABILITY = YES;
				GCC_C_LANGUAGE_STANDARD = gnu11;
				GCC_DYNAMIC_NO_PIC = NO;
				GCC_NO_COMMON_BLOCKS = YES;
				GCC_OPTIMIZATION_LEVEL = 0;
				GCC_PREPROCESSOR_DEFINITIONS = (
					"DEBUG=1",
					"$(inherited)",
				);
				GCC_WARN_64_TO_32_BIT_CONVERSION = YES;
				GCC_WARN_ABOUT_RETURN_TYPE = YES_ERROR;
				GCC_WARN_UNDECLARED_SELECTOR = YES;
				GCC_WARN_UNINITIALIZED_AUTOS = YES_AGGRESSIVE;
				GCC_WARN_UNUSED_FUNCTION = YES;
				GCC_WARN_UNUSED_VARIABLE = YES;
				IPHONEOS_DEPLOYMENT_TARGET = 11.2;
				MTL_ENABLE_DEBUG_INFO = YES;
				ONLY_ACTIVE_ARCH = YES;
				SDKROOT = iphoneos;
				SWIFT_ACTIVE_COMPILATION_CONDITIONS = DEBUG;
				SWIFT_OPTIMIZATION_LEVEL = "-Onone";
			};
			name = Debug;
		};
		826F61E4203C52AB008FF97A /* Release */ = {
			isa = XCBuildConfiguration;
			buildSettings = {
				ALWAYS_SEARCH_USER_PATHS = NO;
				CLANG_ANALYZER_NONNULL = YES;
				CLANG_ANALYZER_NUMBER_OBJECT_CONVERSION = YES_AGGRESSIVE;
				CLANG_CXX_LANGUAGE_STANDARD = "gnu++14";
				CLANG_CXX_LIBRARY = "libc++";
				CLANG_ENABLE_MODULES = YES;
				CLANG_ENABLE_OBJC_ARC = YES;
				CLANG_WARN_BLOCK_CAPTURE_AUTORELEASING = YES;
				CLANG_WARN_BOOL_CONVERSION = YES;
				CLANG_WARN_COMMA = YES;
				CLANG_WARN_CONSTANT_CONVERSION = YES;
				CLANG_WARN_DIRECT_OBJC_ISA_USAGE = YES_ERROR;
				CLANG_WARN_DOCUMENTATION_COMMENTS = YES;
				CLANG_WARN_EMPTY_BODY = YES;
				CLANG_WARN_ENUM_CONVERSION = YES;
				CLANG_WARN_INFINITE_RECURSION = YES;
				CLANG_WARN_INT_CONVERSION = YES;
				CLANG_WARN_NON_LITERAL_NULL_CONVERSION = YES;
				CLANG_WARN_OBJC_LITERAL_CONVERSION = YES;
				CLANG_WARN_OBJC_ROOT_CLASS = YES_ERROR;
				CLANG_WARN_RANGE_LOOP_ANALYSIS = YES;
				CLANG_WARN_STRICT_PROTOTYPES = YES;
				CLANG_WARN_SUSPICIOUS_MOVE = YES;
				CLANG_WARN_UNGUARDED_AVAILABILITY = YES_AGGRESSIVE;
				CLANG_WARN_UNREACHABLE_CODE = YES;
				CLANG_WARN__DUPLICATE_METHOD_MATCH = YES;
				CODE_SIGN_IDENTITY = "iPhone Developer";
				COPY_PHASE_STRIP = NO;
				DEBUG_INFORMATION_FORMAT = "dwarf-with-dsym";
				ENABLE_NS_ASSERTIONS = NO;
				ENABLE_STRICT_OBJC_MSGSEND = YES;
				GCC_C_LANGUAGE_STANDARD = gnu11;
				GCC_NO_COMMON_BLOCKS = YES;
				GCC_WARN_64_TO_32_BIT_CONVERSION = YES;
				GCC_WARN_ABOUT_RETURN_TYPE = YES_ERROR;
				GCC_WARN_UNDECLARED_SELECTOR = YES;
				GCC_WARN_UNINITIALIZED_AUTOS = YES_AGGRESSIVE;
				GCC_WARN_UNUSED_FUNCTION = YES;
				GCC_WARN_UNUSED_VARIABLE = YES;
				IPHONEOS_DEPLOYMENT_TARGET = 11.2;
				MTL_ENABLE_DEBUG_INFO = NO;
				SDKROOT = iphoneos;
				SWIFT_OPTIMIZATION_LEVEL = "-Owholemodule";
				VALIDATE_PRODUCT = YES;
			};
			name = Release;
		};
		826F61E6203C52AB008FF97A /* Debug */ = {
			isa = XCBuildConfiguration;
			buildSettings = {
				ASSETCATALOG_COMPILER_APPICON_NAME = AppIcon;
				CODE_SIGN_STYLE = Automatic;
				DEVELOPMENT_TEAM = KM3NG3NPDJ;
				INFOPLIST_FILE = CB/Info.plist;
				LD_RUNPATH_SEARCH_PATHS = "$(inherited) @executable_path/Frameworks";
				PRODUCT_BUNDLE_IDENTIFIER = com.MickeyZhou.CB;
				PRODUCT_NAME = "$(TARGET_NAME)";
				SWIFT_VERSION = 4.0;
				TARGETED_DEVICE_FAMILY = "1,2";
			};
			name = Debug;
		};
		826F61E7203C52AB008FF97A /* Release */ = {
			isa = XCBuildConfiguration;
			buildSettings = {
				ASSETCATALOG_COMPILER_APPICON_NAME = AppIcon;
				CODE_SIGN_STYLE = Automatic;
				DEVELOPMENT_TEAM = KM3NG3NPDJ;
				INFOPLIST_FILE = CB/Info.plist;
				LD_RUNPATH_SEARCH_PATHS = "$(inherited) @executable_path/Frameworks";
				PRODUCT_BUNDLE_IDENTIFIER = com.MickeyZhou.CB;
				PRODUCT_NAME = "$(TARGET_NAME)";
				SWIFT_VERSION = 4.0;
				TARGETED_DEVICE_FAMILY = "1,2";
			};
			name = Release;
		};
/* End XCBuildConfiguration section */

/* Begin XCConfigurationList section */
		826F61CB203C52AB008FF97A /* Build configuration list for PBXProject "CB" */ = {
			isa = XCConfigurationList;
			buildConfigurations = (
				826F61E3203C52AB008FF97A /* Debug */,
				826F61E4203C52AB008FF97A /* Release */,
			);
			defaultConfigurationIsVisible = 0;
			defaultConfigurationName = Release;
		};
		826F61E5203C52AB008FF97A /* Build configuration list for PBXNativeTarget "CB" */ = {
			isa = XCConfigurationList;
			buildConfigurations = (
				826F61E6203C52AB008FF97A /* Debug */,
				826F61E7203C52AB008FF97A /* Release */,
			);
			defaultConfigurationIsVisible = 0;
			defaultConfigurationName = Release;
		};
/* End XCConfigurationList section */

/* Begin XCVersionGroup section */
		826F61DA203C52AB008FF97A /* CB.xcdatamodeld */ = {
			isa = XCVersionGroup;
			children = (
				826F61DB203C52AB008FF97A /* CB.xcdatamodel */,
			);
			currentVersion = 826F61DB203C52AB008FF97A /* CB.xcdatamodel */;
			path = CB.xcdatamodeld;
			sourceTree = "<group>";
			versionGroupType = wrapper.xcdatamodel;
		};
/* End XCVersionGroup section */
	};
	rootObject = 826F61C8203C52AB008FF97A /* Project object */;
}
